hash: 116c7c6e5b6790449313a4f229addf7ce2224949187d09362bae941555492972
updated: 2017-02-06T16:06:56.639037344-07:00
imports:
- name: github.com/docker/libcompose
  version: 7c59e343cd9d1f3f5577b5bfb71f6486beb4c006
- name: gopkg.in/alecthomas/kingpin.v2
  version: e9044be3ab2a8e11d4e1f418d12f0790d57e8d70
testImports: []
